{
  "nodes": {
    "cmp-buffer": {
      "flake": false,
      "locked": {
        "lastModified": 1660101488,
        "narHash": "sha256-dG4U7MtnXThoa/PD+qFtCt76MQ14V1wX8GMYcvxEnbM=",
        "owner": "hrsh7th",
        "repo": "cmp-buffer",
        "rev": "3022dbc9166796b644a841a02de8dd1cc1d311fa",
        "type": "github"
      },
      "original": {
        "owner": "hrsh7th",
        "repo": "cmp-buffer",
        "type": "github"
      }
    },
    "cmp-cmdline": {
      "flake": false,
      "locked": {
        "lastModified": 1663329933,
        "narHash": "sha256-IvMI9wHN1llFLpgMGwm6yr60UJ6gaWBnZaxNHXCDOwI=",
        "owner": "hrsh7th",
        "repo": "cmp-cmdline",
        "rev": "c66c379915d68fb52ad5ad1195cdd4265a95ef1e",
        "type": "github"
      },
      "original": {
        "owner": "hrsh7th",
        "repo": "cmp-cmdline",
        "type": "github"
      }
    },
    "cmp-nvim-lsp": {
      "flake": false,
      "locked": {
        "lastModified": 1652705110,
        "narHash": "sha256-19Ka4EQhqo//IMjJ/DnXiHsevVWFy2M90oSjmBFfCO0=",
        "owner": "hrsh7th",
        "repo": "cmp-nvim-lsp",
        "rev": "affe808a5c56b71630f17aa7c38e15c59fd648a8",
        "type": "github"
      },
      "original": {
        "owner": "hrsh7th",
        "repo": "cmp-nvim-lsp",
        "type": "github"
      }
    },
    "cmp-nvim-lua": {
      "flake": false,
      "locked": {
        "lastModified": 1633919304,
        "narHash": "sha256-/xUfw5adjXu8ySZBBFrLVJ1FCNJzfh79wf+wJsW6sIY=",
        "owner": "hrsh7th",
        "repo": "cmp-nvim-lua",
        "rev": "d276254e7198ab7d00f117e88e223b4bd8c02d21",
        "type": "github"
      },
      "original": {
        "owner": "hrsh7th",
        "repo": "cmp-nvim-lua",
        "type": "github"
      }
    },
    "cmp-nvim-tags": {
      "flake": false,
      "locked": {
        "lastModified": 1663301572,
        "narHash": "sha256-vHoFXfepjn7DWMXGE1/6/8UtgxMZ5gj/nCrP7+Edrlc=",
        "owner": "quangnguyen30192",
        "repo": "cmp-nvim-tags",
        "rev": "de630ce773d249ab5739405a3428a5a29d7e0076",
        "type": "github"
      },
      "original": {
        "owner": "quangnguyen30192",
        "repo": "cmp-nvim-tags",
        "type": "github"
      }
    },
    "cmp-path": {
      "flake": false,
      "locked": {
        "lastModified": 1658844613,
        "narHash": "sha256-G/I2SH4Uidr25/4fjrtcK3VfxWwD9MSN+ODcB6zjvVo=",
        "owner": "hrsh7th",
        "repo": "cmp-path",
        "rev": "447c87cdd6e6d6a1d2488b1d43108bfa217f56e1",
        "type": "github"
      },
      "original": {
        "owner": "hrsh7th",
        "repo": "cmp-path",
        "type": "github"
      }
    },
    "cmp-under-comparator": {
      "flake": false,
      "locked": {
        "lastModified": 1636598526,
        "narHash": "sha256-sPZX+dbGKOUfcjme4qG82impwYZgLbN5eRmblxPtbKI=",
        "owner": "lukas-reineke",
        "repo": "cmp-under-comparator",
        "rev": "6857f10272c3cfe930cece2afa2406e1385bfef8",
        "type": "github"
      },
      "original": {
        "owner": "lukas-reineke",
        "repo": "cmp-under-comparator",
        "type": "github"
      }
    },
    "cmp_luasnip": {
      "flake": false,
      "locked": {
        "lastModified": 1651433493,
        "narHash": "sha256-8ocJY5qeAJXFSuTnavXX6NvZyAB0EEn2Y+amrWp8B1Y=",
        "owner": "saadparwaiz1",
        "repo": "cmp_luasnip",
        "rev": "a9de941bcbda508d0a45d28ae366bb3f08db2e36",
        "type": "github"
      },
      "original": {
        "owner": "saadparwaiz1",
        "repo": "cmp_luasnip",
        "type": "github"
      }
    },
    "comment-nvim": {
      "flake": false,
      "locked": {
        "lastModified": 1664526068,
        "narHash": "sha256-UJncRUeAK0ULhPcMsb+ZrlX4XPzlLLc+dlMbL+8q1pU=",
        "owner": "numtostr",
        "repo": "comment.nvim",
        "rev": "d9cfae1059b62f7eacc09dba181efe4894e3b086",
        "type": "github"
      },
      "original": {
        "owner": "numtostr",
        "repo": "comment.nvim",
        "type": "github"
      }
    },
    "fidget-nvim": {
      "flake": false,
      "locked": {
        "lastModified": 1658719305,
        "narHash": "sha256-i0RfvrBEAT1xJC+fIYNoEAUpBiIMFrQmrlLq9RLYeOg=",
        "owner": "j-hui",
        "repo": "fidget.nvim",
        "rev": "492492e7d50452a9ace8346d31f6d6da40439f0e",
        "type": "github"
      },
      "original": {
        "owner": "j-hui",
        "repo": "fidget.nvim",
        "type": "github"
      }
    },
    "flake-utils": {
      "locked": {
        "lastModified": 1659877975,
        "narHash": "sha256-zllb8aq3YO3h8B/U0/J1WBgAL8EX5yWf5pMj3G0NAmc=",
        "owner": "numtide",
        "repo": "flake-utils",
        "rev": "c0e246b9b83f637f4681389ecabcb2681b4f3af0",
        "type": "github"
      },
      "original": {
        "owner": "numtide",
        "repo": "flake-utils",
        "type": "github"
      }
    },
    "fugitive": {
      "flake": false,
      "locked": {
        "lastModified": 1662284293,
        "narHash": "sha256-IzsvDf7y91iV3XdrXW2U5WTdSmuALlpVO113h7Ovuac=",
        "owner": "tpope",
        "repo": "vim-fugitive",
        "rev": "dd8107cabf5fe85df94d5eedcae52415e543f208",
        "type": "github"
      },
      "original": {
        "owner": "tpope",
        "repo": "vim-fugitive",
        "type": "github"
      }
    },
    "lsp_lines-nvim": {
      "flake": false,
      "locked": {
        "lastModified": 1659553852,
        "narHash": "sha256-c+MrWKK7ZIcj2XrPruiQLQ1sr3SJWQfzAR+JM5g+kLE=",
        "owner": "~whynothugo",
        "repo": "lsp_lines.nvim",
        "rev": "dbfd8e96ec2696e1ceedcd23fd70e842256e3dea",
        "type": "sourcehut"
      },
      "original": {
        "owner": "~whynothugo",
        "repo": "lsp_lines.nvim",
        "type": "sourcehut"
      }
    },
    "luasnip": {
      "flake": false,
      "locked": {
        "lastModified": 1664388581,
        "narHash": "sha256-Z0OTrcZWWTHvjRcedtQuhPrEZoqeRuf5HsWVw2+c/8E=",
        "owner": "l3mon4d3",
        "repo": "luasnip",
        "rev": "8f8d493e7836f2697df878ef9c128337cbf2bb84",
        "type": "github"
      },
      "original": {
        "owner": "l3mon4d3",
        "repo": "luasnip",
        "type": "github"
      }
    },
    "naersk": {
      "inputs": {
        "nixpkgs": [
          "rnix-lsp",
          "nixpkgs"
        ]
      },
      "locked": {
        "lastModified": 1655042882,
        "narHash": "sha256-9BX8Fuez5YJlN7cdPO63InoyBy7dm3VlJkkmTt6fS1A=",
        "owner": "nix-community",
        "repo": "naersk",
        "rev": "cddffb5aa211f50c4b8750adbec0bbbdfb26bb9f",
        "type": "github"
      },
      "original": {
        "owner": "nix-community",
        "repo": "naersk",
        "type": "github"
      }
    },
    "neovim": {
      "inputs": {
        "flake-utils": "flake-utils",
        "nixpkgs": [
          "nixpkgs"
        ]
      },
      "locked": {
        "dir": "contrib",
        "lastModified": 1664191819,
        "narHash": "sha256-GMD/EmDHv036yntT2NMXcd+lbDWBSiwUiFWentIK9mI=",
        "owner": "neovim",
        "repo": "neovim",
        "rev": "c7e74f78896ffe933e9e411563eaaaacca2622ce",
        "type": "github"
      },
      "original": {
        "dir": "contrib",
        "owner": "neovim",
        "repo": "neovim",
        "type": "github"
      }
    },
    "nixpkgs": {
      "locked": {
        "lastModified": 1664435807,
        "narHash": "sha256-sYOAzHDloPQH48Nmp2hFf7mvVRv+AOlfQXNaCeBTykE=",
        "owner": "NixOS",
        "repo": "nixpkgs",
        "rev": "8ba120420fbdd9bd35b3a5366fa0206d8c99ade3",
        "type": "github"
      },
      "original": {
        "id": "nixpkgs",
        "ref": "nixpkgs-unstable",
        "type": "indirect"
      }
    },
    "nixpkgs_2": {
      "locked": {
        "lastModified": 1656753965,
        "narHash": "sha256-BCrB3l0qpJokOnIVc3g2lHiGhnjUi0MoXiw6t1o8H1E=",
        "owner": "nixos",
        "repo": "nixpkgs",
        "rev": "0ea7a8f1b939d74e5df8af9a8f7342097cdf69eb",
        "type": "github"
      },
      "original": {
        "owner": "nixos",
        "ref": "nixos-unstable",
        "repo": "nixpkgs",
        "type": "github"
      }
    },
    "nvim-cmp": {
      "flake": false,
      "locked": {
        "lastModified": 1664249251,
        "narHash": "sha256-3YpEu/VlWO4yVf+tNqz0YbJZjOrbzWIxvUe3JliZepI=",
        "owner": "hrsh7th",
        "repo": "nvim-cmp",
        "rev": "2427d06b6508489547cd30b6e86b1c75df363411",
        "type": "github"
      },
      "original": {
        "owner": "hrsh7th",
        "repo": "nvim-cmp",
        "type": "github"
      }
    },
    "nvim-colorizer-lua": {
      "flake": false,
      "locked": {
        "lastModified": 1591879145,
        "narHash": "sha256-6YrnItxExL2C8pNIdLd+hXCjsB2MbZANwWkah6dreD8=",
        "owner": "norcalli",
        "repo": "nvim-colorizer.lua",
        "rev": "36c610a9717cc9ec426a07c8e6bf3b3abcb139d6",
        "type": "github"
      },
      "original": {
        "owner": "norcalli",
        "repo": "nvim-colorizer.lua",
        "type": "github"
      }
    },
    "nvim-lspconfig": {
      "flake": false,
      "locked": {
        "lastModified": 1664536349,
        "narHash": "sha256-zlUgQlQ8hi6HzrkiR3rEzTc1TwW5Geo1ViqoDBLgtmg=",
        "owner": "neovim",
        "repo": "nvim-lspconfig",
        "rev": "af43c300d4134db3550089cd4df6c257e3734689",
        "type": "github"
      },
      "original": {
        "owner": "neovim",
        "repo": "nvim-lspconfig",
        "type": "github"
      }
    },
    "nvim-notify": {
      "flake": false,
      "locked": {
        "lastModified": 1664352030,
        "narHash": "sha256-9B/my7z9HJODuGq3QwCjk1DFJSgYJukPSsnJGby5CTg=",
        "owner": "rcarriga",
        "repo": "nvim-notify",
        "rev": "142069baf554c3d41c8de4a6f7472c618a58becc",
        "type": "github"
      },
      "original": {
        "owner": "rcarriga",
        "repo": "nvim-notify",
        "type": "github"
      }
    },
    "nvim-tree-lua": {
      "flake": false,
      "locked": {
        "lastModified": 1664537851,
        "narHash": "sha256-Z5TLNS7g9qI8xhzBkYDid1JFQ2lVsEvD0UnYhYVfCPs=",
        "owner": "kyazdani42",
        "repo": "nvim-tree.lua",
        "rev": "45d386a3591f87390390c0d718a81e05895465ca",
        "type": "github"
      },
      "original": {
        "owner": "kyazdani42",
        "repo": "nvim-tree.lua",
        "type": "github"
      }
    },
    "nvim-treesitter": {
      "flake": false,
      "locked": {
        "lastModified": 1664538540,
        "narHash": "sha256-jIPisyE3RF+5KsF7KW5RAcvRAKKOkOLSOCEpvxZ1cis=",
        "owner": "nvim-treesitter",
        "repo": "nvim-treesitter",
        "rev": "aebc6cf6bd4675ac86629f516d612ad5288f7868",
        "type": "github"
      },
      "original": {
        "owner": "nvim-treesitter",
        "repo": "nvim-treesitter",
        "type": "github"
      }
    },
    "nvim-treesitter-context": {
      "flake": false,
      "locked": {
        "lastModified": 1663923598,
        "narHash": "sha256-14A0jsehnwuTHIB0yZHXy9KeirHWLX+MDfCynVBPbd0=",
        "owner": "nvim-treesitter",
        "repo": "nvim-treesitter-context",
        "rev": "8d0759eb798fee2e1201b26c3279713ac67c44c2",
        "type": "github"
      },
      "original": {
        "owner": "nvim-treesitter",
        "repo": "nvim-treesitter-context",
        "type": "github"
      }
    },
    "nvim-web-devicons": {
      "flake": false,
      "locked": {
        "lastModified": 1664537722,
        "narHash": "sha256-791jVBhjDEBM6wQWl3XUVLrvxFM/uUI8Ljip1G7a0FE=",
        "owner": "kyazdani42",
        "repo": "nvim-web-devicons",
        "rev": "563f3635c2d8a7be7933b9e547f7c178ba0d4352",
        "type": "github"
      },
      "original": {
        "owner": "kyazdani42",
        "repo": "nvim-web-devicons",
        "type": "github"
      }
    },
    "plenary-nvim": {
      "flake": false,
      "locked": {
        "lastModified": 1664310344,
        "narHash": "sha256-R3kbgHzBjPCg/KQEZ4atBrZu2G0oLYUq8wYfgjpH738=",
        "owner": "nvim-lua",
        "repo": "plenary.nvim",
        "rev": "9e7c62856e47053ec7b17f82c5da0f1e678d92c8",
        "type": "github"
      },
      "original": {
        "owner": "nvim-lua",
        "repo": "plenary.nvim",
        "type": "github"
      }
    },
    "rnix-lsp": {
      "inputs": {
        "naersk": "naersk",
        "nixpkgs": "nixpkgs_2",
        "utils": "utils"
      },
      "locked": {
        "lastModified": 1663380950,
        "narHash": "sha256-OKLyIXIXhUnRB3Xw+7zI3u6XkwF7Mrbfz1XaasV6i7Q=",
        "owner": "nix-community",
        "repo": "rnix-lsp",
        "rev": "6925256babec4307479a4080b44f2be38056f210",
        "type": "github"
      },
      "original": {
        "owner": "nix-community",
        "repo": "rnix-lsp",
        "type": "github"
      }
    },
    "root": {
      "inputs": {
        "cmp-buffer": "cmp-buffer",
        "cmp-cmdline": "cmp-cmdline",
        "cmp-nvim-lsp": "cmp-nvim-lsp",
        "cmp-nvim-lua": "cmp-nvim-lua",
        "cmp-nvim-tags": "cmp-nvim-tags",
        "cmp-path": "cmp-path",
        "cmp-under-comparator": "cmp-under-comparator",
        "cmp_luasnip": "cmp_luasnip",
        "comment-nvim": "comment-nvim",
        "fidget-nvim": "fidget-nvim",
        "fugitive": "fugitive",
        "lsp_lines-nvim": "lsp_lines-nvim",
        "luasnip": "luasnip",
        "neovim": "neovim",
        "nixpkgs": "nixpkgs",
        "nvim-cmp": "nvim-cmp",
        "nvim-colorizer-lua": "nvim-colorizer-lua",
        "nvim-lspconfig": "nvim-lspconfig",
        "nvim-notify": "nvim-notify",
        "nvim-tree-lua": "nvim-tree-lua",
        "nvim-treesitter": "nvim-treesitter",
        "nvim-treesitter-context": "nvim-treesitter-context",
        "nvim-web-devicons": "nvim-web-devicons",
        "plenary-nvim": "plenary-nvim",
        "rnix-lsp": "rnix-lsp",
        "telescope-file-browser-nvim": "telescope-file-browser-nvim",
        "telescope-fzf-native-nvim": "telescope-fzf-native-nvim",
        "telescope-nvim": "telescope-nvim",
        "trouble-nvim": "trouble-nvim",
        "utils": "utils_2",
        "vim-easy-align": "vim-easy-align",
        "vim-repeat": "vim-repeat",
        "vim-startuptime": "vim-startuptime",
        "vim-surround": "vim-surround"
      }
    },
    "telescope-file-browser-nvim": {
      "flake": false,
      "locked": {
        "lastModified": 1663933278,
        "narHash": "sha256-kYnvQjGAn2enz1tSCTM/9QfrkT01ZVV+iEr8n+kJk5U=",
        "owner": "nvim-telescope",
        "repo": "telescope-file-browser.nvim",
        "rev": "b1bc53e0da3d26f0003ffb9602115ce258411aa5",
        "type": "github"
      },
      "original": {
        "owner": "nvim-telescope",
        "repo": "telescope-file-browser.nvim",
        "type": "github"
      }
    },
    "telescope-fzf-native-nvim": {
      "flake": false,
      "locked": {
        "lastModified": 1662442760,
        "narHash": "sha256-hdQuS7AcvN5vIXBJnSwFsuyvX89+XDrSsea9TBWF21s=",
        "owner": "nvim-telescope",
        "repo": "telescope-fzf-native.nvim",
        "rev": "65c0ee3d4bb9cb696e262bca1ea5e9af3938fc90",
        "type": "github"
      },
      "original": {
        "owner": "nvim-telescope",
        "repo": "telescope-fzf-native.nvim",
        "type": "github"
      }
    },
    "telescope-nvim": {
      "flake": false,
      "locked": {
        "lastModified": 1664306757,
        "narHash": "sha256-16CXm9evmRbb44d+2/zRpk7qbCqiHjysIeuAstMRKV4=",
        "owner": "nvim-telescope",
        "repo": "telescope.nvim",
        "rev": "d4204618dddf1628e7a19ad4a7b910864d1120a5",
        "type": "github"
      },
      "original": {
        "owner": "nvim-telescope",
        "repo": "telescope.nvim",
        "type": "github"
      }
    },
    "trouble-nvim": {
      "flake": false,
      "locked": {
        "lastModified": 1662367551,
        "narHash": "sha256-f/93y22apE22noWm79I7sA380OIAEbKNgy74WsuD3h4=",
        "owner": "folke",
        "repo": "trouble.nvim",
        "rev": "929315ea5f146f1ce0e784c76c943ece6f36d786",
        "type": "github"
      },
      "original": {
        "owner": "folke",
        "repo": "trouble.nvim",
        "type": "github"
      }
    },
    "utils": {
      "locked": {
        "lastModified": 1656928814,
        "narHash": "sha256-RIFfgBuKz6Hp89yRr7+NR5tzIAbn52h8vT6vXkYjZoM=",
        "owner": "numtide",
        "repo": "flake-utils",
        "rev": "7e2a3b3dfd9af950a856d66b0a7d01e3c18aa249",
        "type": "github"
      },
      "original": {
        "owner": "numtide",
        "repo": "flake-utils",
        "type": "github"
      }
    },
    "utils_2": {
      "locked": {
        "lastModified": 1659877975,
        "narHash": "sha256-zllb8aq3YO3h8B/U0/J1WBgAL8EX5yWf5pMj3G0NAmc=",
        "owner": "numtide",
        "repo": "flake-utils",
        "rev": "c0e246b9b83f637f4681389ecabcb2681b4f3af0",
        "type": "github"
      },
      "original": {
        "owner": "numtide",
        "repo": "flake-utils",
        "type": "github"
      }
    },
    "vim-easy-align": {
      "flake": false,
      "locked": {
        "lastModified": 1556512351,
        "narHash": "sha256-BpjYYAfpUCLitNfRsRnfzxsOIHA6T/WmL05BjRRt7j4=",
        "owner": "junegunn",
        "repo": "vim-easy-align",
        "rev": "12dd6316974f71ce333e360c0260b4e1f81169c3",
        "type": "github"
      },
      "original": {
        "owner": "junegunn",
        "repo": "vim-easy-align",
        "type": "github"
      }
    },
    "vim-repeat": {
      "flake": false,
      "locked": {
        "lastModified": 1611544268,
        "narHash": "sha256-8rfZa3uKXB3TRCqaDHZ6DfzNbm7WaYnLvmTNzYtnKHg=",
        "owner": "tpope",
        "repo": "vim-repeat",
        "rev": "24afe922e6a05891756ecf331f39a1f6743d3d5a",
        "type": "github"
      },
      "original": {
        "owner": "tpope",
        "repo": "vim-repeat",
        "type": "github"
      }
    },
    "vim-startuptime": {
      "flake": false,
      "locked": {
        "lastModified": 1664214889,
        "narHash": "sha256-30hIvMJt72ExQRaX/5kP7zxv9wHuldAPDCBOchamUA4=",
        "owner": "dstein64",
        "repo": "vim-startuptime",
        "rev": "1a5fe7b6275d8f62647969012dcd5bcceb2cebc6",
        "type": "github"
      },
      "original": {
        "owner": "dstein64",
        "repo": "vim-startuptime",
        "type": "github"
      }
    },
    "vim-surround": {
      "flake": false,
      "locked": {
        "lastModified": 1650669912,
        "narHash": "sha256-ippurR26T1jqy74LDKlzJpTreOLxRThmgYTEHPtBkx8=",
        "owner": "tpope",
        "repo": "vim-surround",
        "rev": "bf3480dc9ae7bea34c78fbba4c65b4548b5b1fea",
        "type": "github"
      },
      "original": {
        "owner": "tpope",
        "repo": "vim-surround",
        "type": "github"
      }
    }
  },
  "root": "root",
  "version": 7
}
